
Microsoft Visual Studio Solution File, Format Version 12.00
# Visual Studio 15
VisualStudioVersion = 15.0.26730.12
MinimumVisualStudioVersion = 10.0.40219.1
Project("{FAE04EC0-301F-11D3-BF4B-00C04F79EFBC}") = "DefaultImageASPNETCore", "DefaultImageASPNETCore\DefaultImageASPNETCore.csproj", "{07C43154-76FE-48AB-89A3-720678D5C431}"
EndProject
Global
	GlobalSection(SolutionConfigurationPlatforms) = preSolution
		Debug|Any CPU = Debug|Any CPU
		Release|Any CPU = Release|Any CPU
	EndGlobalSection
	GlobalSection(ProjectConfigurationPlatforms) = postSolution
		{07C43154-76FE-48AB-89A3-720678D5C431}.Debug|Any CPU.ActiveCfg = Debug|Any CPU
		{07C43154-76FE-48AB-89A3-720678D5C431}.Debug|Any CPU.Build.0 = Debug|Any CPU
		{07C43154-76FE-48AB-89A3-720678D5C431}.Release|Any CPU.ActiveCfg = Release|Any CPU
		{07C43154-76FE-48AB-89A3-720678D5C431}.Release|Any CPU.Build.0 = Release|Any CPU
	EndGlobalSection
	GlobalSection(SolutionProperties) = preSolution
		HideSolutionNode = FALSE
	EndGlobalSection
	GlobalSection(ExtensibilityGlobals) = postSolution
		SolutionGuid = {0DE28981-55F2-4A0F-9E1B-E30EC387CF99}
	EndGlobalSection
EndGlobal
